
Microsoft Visual Studio Solution File, Format Version 12.00
# Visual Studio Version 17
VisualStudioVersion = 17.3.32929.385
MinimumVisualStudioVersion = 10.0.40219.1
Project("{FAE04EC0-301F-11D3-BF4B-00C04F79EFBC}") = "TurcellgelecegiYazanlar", "TurcellgelecegiYazanlar\TurcellgelecegiYazanlar.csproj", "{DF8C82C2-4401-4031-9C1C-C2EE5AC9D78E}"
EndProject
Global
	GlobalSection(SolutionConfigurationPlatforms) = preSolution
		Debug|Any CPU = Debug|Any CPU
		Release|Any CPU = Release|Any CPU
	EndGlobalSection
	GlobalSection(ProjectConfigurationPlatforms) = postSolution
		{DF8C82C2-4401-4031-9C1C-C2EE5AC9D78E}.Debug|Any CPU.ActiveCfg = Debug|Any CPU
		{DF8C82C2-4401-4031-9C1C-C2EE5AC9D78E}.Debug|Any CPU.Build.0 = Debug|Any CPU
		{DF8C82C2-4401-4031-9C1C-C2EE5AC9D78E}.Release|Any CPU.ActiveCfg = Release|Any CPU
		{DF8C82C2-4401-4031-9C1C-C2EE5AC9D78E}.Release|Any CPU.Build.0 = Release|Any CPU
	EndGlobalSection
	GlobalSection(SolutionProperties) = preSolution
		HideSolutionNode = FALSE
	EndGlobalSection
	GlobalSection(ExtensibilityGlobals) = postSolution
		SolutionGuid = {121FC660-9742-4D7C-8A44-637FB8D92D19}
	EndGlobalSection
EndGlobal
